
Microsoft Visual Studio Solution File, Format Version 12.00
# Visual Studio 2012
VisualStudioVersion = 12.0.30723.0
MinimumVisualStudioVersion = 10.0.40219.1
Project("{FAE04EC0-301F-11D3-BF4B-00C04F79EFBC}") = "TekConf.Mobile", "TekConf.Mobile\TekConf.Mobile\TekConf.Mobile.csproj", "{33762CC1-7BAC-472A-9569-1650C7E85AAE}"
EndProject
Project("{FAE04EC0-301F-11D3-BF4B-00C04F79EFBC}") = "TekConf.Mobile.iOS", "TekConf.Mobile\TekConf.Mobile.iOS\TekConf.Mobile.iOS.csproj", "{8BAC21E0-9915-4B71-B664-7241E64B6B3F}"
EndProject
Project("{FAE04EC0-301F-11D3-BF4B-00C04F79EFBC}") = "TekConf.Mobile.Android", "TekConf.Mobile\TekConf.Mobile.Android\TekConf.Mobile.Android.csproj", "{C4CC474E-01EF-4CA7-AF9D-DF7BDB7E51FB}"
EndProject
Project("{FAE04EC0-301F-11D3-BF4B-00C04F79EFBC}") = "TekConf.Mobile.WinPhone", "TekConf.Mobile\TekConf.Mobile.WinPhone\TekConf.Mobile.WinPhone.csproj", "{C1A6C827-4B9A-441C-9393-A357ACF1F5CC}"
EndProject
Project("{FAE04EC0-301F-11D3-BF4B-00C04F79EFBC}") = "TekConf.Mobile.Tests.UI", "Tests\TekConf.Mobile.Tests.UI\TekConf.Mobile.Tests.UI.csproj", "{CF257DAD-EB38-406A-9AE6-CD7119EF2032}"
EndProject
Global
	GlobalSection(SolutionConfigurationPlatforms) = preSolution
		Ad-Hoc|Any CPU = Ad-Hoc|Any CPU
		Ad-Hoc|ARM = Ad-Hoc|ARM
		Ad-Hoc|iPhone = Ad-Hoc|iPhone
		Ad-Hoc|iPhoneSimulator = Ad-Hoc|iPhoneSimulator
		Ad-Hoc|Mixed Platforms = Ad-Hoc|Mixed Platforms
		Ad-Hoc|x86 = Ad-Hoc|x86
		AppStore|Any CPU = AppStore|Any CPU
		AppStore|ARM = AppStore|ARM
		AppStore|iPhone = AppStore|iPhone
		AppStore|iPhoneSimulator = AppStore|iPhoneSimulator
		AppStore|Mixed Platforms = AppStore|Mixed Platforms
		AppStore|x86 = AppStore|x86
		Debug|Any CPU = Debug|Any CPU
		Debug|ARM = Debug|ARM
		Debug|iPhone = Debug|iPhone
		Debug|iPhoneSimulator = Debug|iPhoneSimulator
		Debug|Mixed Platforms = Debug|Mixed Platforms
		Debug|x86 = Debug|x86
		Release|Any CPU = Release|Any CPU
		Release|ARM = Release|ARM
		Release|iPhone = Release|iPhone
		Release|iPhoneSimulator = Release|iPhoneSimulator
		Release|Mixed Platforms = Release|Mixed Platforms
		Release|x86 = Release|x86
	EndGlobalSection
	GlobalSection(ProjectConfigurationPlatforms) = postSolution
		{33762CC1-7BAC-472A-9569-1650C7E85AAE}.Ad-Hoc|Any CPU.ActiveCfg = Release|Any CPU
		{33762CC1-7BAC-472A-9569-1650C7E85AAE}.Ad-Hoc|Any CPU.Build.0 = Release|Any CPU
		{33762CC1-7BAC-472A-9569-1650C7E85AAE}.Ad-Hoc|ARM.ActiveCfg = Release|Any CPU
		{33762CC1-7BAC-472A-9569-1650C7E85AAE}.Ad-Hoc|iPhone.ActiveCfg = Release|Any CPU
		{33762CC1-7BAC-472A-9569-1650C7E85AAE}.Ad-Hoc|iPhone.Build.0 = Release|Any CPU
		{33762CC1-7BAC-472A-9569-1650C7E85AAE}.Ad-Hoc|iPhoneSimulator.ActiveCfg = Release|Any CPU
		{33762CC1-7BAC-472A-9569-1650C7E85AAE}.Ad-Hoc|Mixed Platforms.ActiveCfg = Release|Any CPU
		{33762CC1-7BAC-472A-9569-1650C7E85AAE}.Ad-Hoc|Mixed Platforms.Build.0 = Release|Any CPU
		{33762CC1-7BAC-472A-9569-1650C7E85AAE}.Ad-Hoc|x86.ActiveCfg = Release|Any CPU
		{33762CC1-7BAC-472A-9569-1650C7E85AAE}.AppStore|Any CPU.ActiveCfg = Release|Any CPU
		{33762CC1-7BAC-472A-9569-1650C7E85AAE}.AppStore|Any CPU.Build.0 = Release|Any CPU
		{33762CC1-7BAC-472A-9569-1650C7E85AAE}.AppStore|ARM.ActiveCfg = Release|Any CPU
		{33762CC1-7BAC-472A-9569-1650C7E85AAE}.AppStore|iPhone.ActiveCfg = Release|Any CPU
		{33762CC1-7BAC-472A-9569-1650C7E85AAE}.AppStore|iPhoneSimulator.ActiveCfg = Release|Any CPU
		{33762CC1-7BAC-472A-9569-1650C7E85AAE}.AppStore|Mixed Platforms.ActiveCfg = Release|Any CPU
		{33762CC1-7BAC-472A-9569-1650C7E85AAE}.AppStore|Mixed Platforms.Build.0 = Release|Any CPU
		{33762CC1-7BAC-472A-9569-1650C7E85AAE}.AppStore|x86.ActiveCfg = Release|Any CPU
		{33762CC1-7BAC-472A-9569-1650C7E85AAE}.Debug|Any CPU.ActiveCfg = Debug|Any CPU
		{33762CC1-7BAC-472A-9569-1650C7E85AAE}.Debug|Any CPU.Build.0 = Debug|Any CPU
		{33762CC1-7BAC-472A-9569-1650C7E85AAE}.Debug|ARM.ActiveCfg = Debug|Any CPU
		{33762CC1-7BAC-472A-9569-1650C7E85AAE}.Debug|iPhone.ActiveCfg = Debug|Any CPU
		{33762CC1-7BAC-472A-9569-1650C7E85AAE}.Debug|iPhoneSimulator.ActiveCfg = Debug|Any CPU
		{33762CC1-7BAC-472A-9569-1650C7E85AAE}.Debug|iPhoneSimulator.Build.0 = Debug|Any CPU
		{33762CC1-7BAC-472A-9569-1650C7E85AAE}.Debug|Mixed Platforms.ActiveCfg = Debug|Any CPU
		{33762CC1-7BAC-472A-9569-1650C7E85AAE}.Debug|Mixed Platforms.Build.0 = Debug|Any CPU
		{33762CC1-7BAC-472A-9569-1650C7E85AAE}.Debug|x86.ActiveCfg = Debug|Any CPU
		{33762CC1-7BAC-472A-9569-1650C7E85AAE}.Release|Any CPU.ActiveCfg = Release|Any CPU
		{33762CC1-7BAC-472A-9569-1650C7E85AAE}.Release|Any CPU.Build.0 = Release|Any CPU
		{33762CC1-7BAC-472A-9569-1650C7E85AAE}.Release|ARM.ActiveCfg = Release|Any CPU
		{33762CC1-7BAC-472A-9569-1650C7E85AAE}.Release|iPhone.ActiveCfg = Release|Any CPU
		{33762CC1-7BAC-472A-9569-1650C7E85AAE}.Release|iPhone.Build.0 = Release|Any CPU
		{33762CC1-7BAC-472A-9569-1650C7E85AAE}.Release|iPhoneSimulator.ActiveCfg = Release|Any CPU
		{33762CC1-7BAC-472A-9569-1650C7E85AAE}.Release|Mixed Platforms.ActiveCfg = Release|Any CPU
		{33762CC1-7BAC-472A-9569-1650C7E85AAE}.Release|Mixed Platforms.Build.0 = Release|Any CPU
		{33762CC1-7BAC-472A-9569-1650C7E85AAE}.Release|x86.ActiveCfg = Release|Any CPU
		{8BAC21E0-9915-4B71-B664-7241E64B6B3F}.Ad-Hoc|Any CPU.ActiveCfg = Ad-Hoc|iPhone
		{8BAC21E0-9915-4B71-B664-7241E64B6B3F}.Ad-Hoc|ARM.ActiveCfg = Ad-Hoc|iPhone
		{8BAC21E0-9915-4B71-B664-7241E64B6B3F}.Ad-Hoc|iPhone.ActiveCfg = Ad-Hoc|iPhone
		{8BAC21E0-9915-4B71-B664-7241E64B6B3F}.Ad-Hoc|iPhone.Build.0 = Ad-Hoc|iPhone
		{8BAC21E0-9915-4B71-B664-7241E64B6B3F}.Ad-Hoc|iPhoneSimulator.ActiveCfg = Ad-Hoc|iPhoneSimulator
		{8BAC21E0-9915-4B71-B664-7241E64B6B3F}.Ad-Hoc|iPhoneSimulator.Build.0 = Ad-Hoc|iPhoneSimulator
		{8BAC21E0-9915-4B71-B664-7241E64B6B3F}.Ad-Hoc|Mixed Platforms.ActiveCfg = Ad-Hoc|iPhone
		{8BAC21E0-9915-4B71-B664-7241E64B6B3F}.Ad-Hoc|Mixed Platforms.Build.0 = Ad-Hoc|iPhone
		{8BAC21E0-9915-4B71-B664-7241E64B6B3F}.Ad-Hoc|x86.ActiveCfg = Ad-Hoc|iPhone
		{8BAC21E0-9915-4B71-B664-7241E64B6B3F}.AppStore|Any CPU.ActiveCfg = AppStore|iPhone
		{8BAC21E0-9915-4B71-B664-7241E64B6B3F}.AppStore|ARM.ActiveCfg = AppStore|iPhone
		{8BAC21E0-9915-4B71-B664-7241E64B6B3F}.AppStore|iPhone.ActiveCfg = AppStore|iPhone
		{8BAC21E0-9915-4B71-B664-7241E64B6B3F}.AppStore|iPhone.Build.0 = AppStore|iPhone
		{8BAC21E0-9915-4B71-B664-7241E64B6B3F}.AppStore|iPhoneSimulator.ActiveCfg = AppStore|iPhoneSimulator
		{8BAC21E0-9915-4B71-B664-7241E64B6B3F}.AppStore|iPhoneSimulator.Build.0 = AppStore|iPhoneSimulator
		{8BAC21E0-9915-4B71-B664-7241E64B6B3F}.AppStore|Mixed Platforms.ActiveCfg = AppStore|iPhone
		{8BAC21E0-9915-4B71-B664-7241E64B6B3F}.AppStore|Mixed Platforms.Build.0 = AppStore|iPhone
		{8BAC21E0-9915-4B71-B664-7241E64B6B3F}.AppStore|x86.ActiveCfg = AppStore|iPhone
		{8BAC21E0-9915-4B71-B664-7241E64B6B3F}.Debug|Any CPU.ActiveCfg = Debug|iPhone
		{8BAC21E0-9915-4B71-B664-7241E64B6B3F}.Debug|ARM.ActiveCfg = Debug|iPhone
		{8BAC21E0-9915-4B71-B664-7241E64B6B3F}.Debug|iPhone.ActiveCfg = Debug|iPhone
		{8BAC21E0-9915-4B71-B664-7241E64B6B3F}.Debug|iPhone.Build.0 = Debug|iPhone
		{8BAC21E0-9915-4B71-B664-7241E64B6B3F}.Debug|iPhoneSimulator.ActiveCfg = Debug|iPhoneSimulator
		{8BAC21E0-9915-4B71-B664-7241E64B6B3F}.Debug|iPhoneSimulator.Build.0 = Debug|iPhoneSimulator
		{8BAC21E0-9915-4B71-B664-7241E64B6B3F}.Debug|Mixed Platforms.ActiveCfg = Debug|iPhone
		{8BAC21E0-9915-4B71-B664-7241E64B6B3F}.Debug|Mixed Platforms.Build.0 = Debug|iPhone
		{8BAC21E0-9915-4B71-B664-7241E64B6B3F}.Debug|x86.ActiveCfg = Debug|iPhone
		{8BAC21E0-9915-4B71-B664-7241E64B6B3F}.Release|Any CPU.ActiveCfg = Release|iPhone
		{8BAC21E0-9915-4B71-B664-7241E64B6B3F}.Release|ARM.ActiveCfg = Release|iPhone
		{8BAC21E0-9915-4B71-B664-7241E64B6B3F}.Release|iPhone.ActiveCfg = Release|iPhone
		{8BAC21E0-9915-4B71-B664-7241E64B6B3F}.Release|iPhone.Build.0 = Release|iPhone
		{8BAC21E0-9915-4B71-B664-7241E64B6B3F}.Release|iPhoneSimulator.ActiveCfg = Release|iPhoneSimulator
		{8BAC21E0-9915-4B71-B664-7241E64B6B3F}.Release|iPhoneSimulator.Build.0 = Release|iPhoneSimulator
		{8BAC21E0-9915-4B71-B664-7241E64B6B3F}.Release|Mixed Platforms.ActiveCfg = Release|iPhone
		{8BAC21E0-9915-4B71-B664-7241E64B6B3F}.Release|Mixed Platforms.Build.0 = Release|iPhone
		{8BAC21E0-9915-4B71-B664-7241E64B6B3F}.Release|x86.ActiveCfg = Release|iPhone
		{C1A6C827-4B9A-441C-9393-A357ACF1F5CC}.Ad-Hoc|Any CPU.ActiveCfg = Release|Any CPU
		{C1A6C827-4B9A-441C-9393-A357ACF1F5CC}.Ad-Hoc|Any CPU.Build.0 = Release|Any CPU
		{C1A6C827-4B9A-441C-9393-A357ACF1F5CC}.Ad-Hoc|Any CPU.Deploy.0 = Release|Any CPU
		{C1A6C827-4B9A-441C-9393-A357ACF1F5CC}.Ad-Hoc|ARM.ActiveCfg = Release|ARM
		{C1A6C827-4B9A-441C-9393-A357ACF1F5CC}.Ad-Hoc|ARM.Build.0 = Release|ARM
		{C1A6C827-4B9A-441C-9393-A357ACF1F5CC}.Ad-Hoc|ARM.Deploy.0 = Release|ARM
		{C1A6C827-4B9A-441C-9393-A357ACF1F5CC}.Ad-Hoc|iPhone.ActiveCfg = Release|Any CPU
		{C1A6C827-4B9A-441C-9393-A357ACF1F5CC}.Ad-Hoc|iPhoneSimulator.ActiveCfg = Release|Any CPU
		{C1A6C827-4B9A-441C-9393-A357ACF1F5CC}.Ad-Hoc|Mixed Platforms.ActiveCfg = Release|x86
		{C1A6C827-4B9A-441C-9393-A357ACF1F5CC}.Ad-Hoc|Mixed Platforms.Build.0 = Release|x86
		{C1A6C827-4B9A-441C-9393-A357ACF1F5CC}.Ad-Hoc|Mixed Platforms.Deploy.0 = Release|x86
		{C1A6C827-4B9A-441C-9393-A357ACF1F5CC}.Ad-Hoc|x86.ActiveCfg = Release|x86
		{C1A6C827-4B9A-441C-9393-A357ACF1F5CC}.Ad-Hoc|x86.Build.0 = Release|x86
		{C1A6C827-4B9A-441C-9393-A357ACF1F5CC}.Ad-Hoc|x86.Deploy.0 = Release|x86
		{C1A6C827-4B9A-441C-9393-A357ACF1F5CC}.AppStore|Any CPU.ActiveCfg = Release|Any CPU
		{C1A6C827-4B9A-441C-9393-A357ACF1F5CC}.AppStore|Any CPU.Build.0 = Release|Any CPU
		{C1A6C827-4B9A-441C-9393-A357ACF1F5CC}.AppStore|Any CPU.Deploy.0 = Release|Any CPU
		{C1A6C827-4B9A-441C-9393-A357ACF1F5CC}.AppStore|ARM.ActiveCfg = Release|ARM
		{C1A6C827-4B9A-441C-9393-A357ACF1F5CC}.AppStore|ARM.Build.0 = Release|ARM
		{C1A6C827-4B9A-441C-9393-A357ACF1F5CC}.AppStore|ARM.Deploy.0 = Release|ARM
		{C1A6C827-4B9A-441C-9393-A357ACF1F5CC}.AppStore|iPhone.ActiveCfg = Release|Any CPU
		{C1A6C827-4B9A-441C-9393-A357ACF1F5CC}.AppStore|iPhoneSimulator.ActiveCfg = Release|Any CPU
		{C1A6C827-4B9A-441C-9393-A357ACF1F5CC}.AppStore|Mixed Platforms.ActiveCfg = Release|x86
		{C1A6C827-4B9A-441C-9393-A357ACF1F5CC}.AppStore|Mixed Platforms.Build.0 = Release|x86
		{C1A6C827-4B9A-441C-9393-A357ACF1F5CC}.AppStore|Mixed Platforms.Deploy.0 = Release|x86
		{C1A6C827-4B9A-441C-9393-A357ACF1F5CC}.AppStore|x86.ActiveCfg = Release|x86
		{C1A6C827-4B9A-441C-9393-A357ACF1F5CC}.AppStore|x86.Build.0 = Release|x86
		{C1A6C827-4B9A-441C-9393-A357ACF1F5CC}.AppStore|x86.Deploy.0 = Release|x86
		{C1A6C827-4B9A-441C-9393-A357ACF1F5CC}.Debug|Any CPU.ActiveCfg = Debug|Any CPU
		{C1A6C827-4B9A-441C-9393-A357ACF1F5CC}.Debug|Any CPU.Build.0 = Debug|Any CPU
		{C1A6C827-4B9A-441C-9393-A357ACF1F5CC}.Debug|Any CPU.Deploy.0 = Debug|Any CPU
		{C1A6C827-4B9A-441C-9393-A357ACF1F5CC}.Debug|ARM.ActiveCfg = Debug|ARM
		{C1A6C827-4B9A-441C-9393-A357ACF1F5CC}.Debug|ARM.Build.0 = Debug|ARM
		{C1A6C827-4B9A-441C-9393-A357ACF1F5CC}.Debug|ARM.Deploy.0 = Debug|ARM
		{C1A6C827-4B9A-441C-9393-A357ACF1F5CC}.Debug|iPhone.ActiveCfg = Debug|Any CPU
		{C1A6C827-4B9A-441C-9393-A357ACF1F5CC}.Debug|iPhoneSimulator.ActiveCfg = Debug|Any CPU
		{C1A6C827-4B9A-441C-9393-A357ACF1F5CC}.Debug|Mixed Platforms.ActiveCfg = Debug|x86
		{C1A6C827-4B9A-441C-9393-A357ACF1F5CC}.Debug|Mixed Platforms.Build.0 = Debug|x86
		{C1A6C827-4B9A-441C-9393-A357ACF1F5CC}.Debug|Mixed Platforms.Deploy.0 = Debug|x86
		{C1A6C827-4B9A-441C-9393-A357ACF1F5CC}.Debug|x86.ActiveCfg = Debug|x86
		{C1A6C827-4B9A-441C-9393-A357ACF1F5CC}.Debug|x86.Build.0 = Debug|x86
		{C1A6C827-4B9A-441C-9393-A357ACF1F5CC}.Debug|x86.Deploy.0 = Debug|x86
		{C1A6C827-4B9A-441C-9393-A357ACF1F5CC}.Release|Any CPU.ActiveCfg = Release|Any CPU
		{C1A6C827-4B9A-441C-9393-A357ACF1F5CC}.Release|Any CPU.Build.0 = Release|Any CPU
		{C1A6C827-4B9A-441C-9393-A357ACF1F5CC}.Release|Any CPU.Deploy.0 = Release|Any CPU
		{C1A6C827-4B9A-441C-9393-A357ACF1F5CC}.Release|ARM.ActiveCfg = Release|ARM
		{C1A6C827-4B9A-441C-9393-A357ACF1F5CC}.Release|ARM.Build.0 = Release|ARM
		{C1A6C827-4B9A-441C-9393-A357ACF1F5CC}.Release|ARM.Deploy.0 = Release|ARM
		{C1A6C827-4B9A-441C-9393-A357ACF1F5CC}.Release|iPhone.ActiveCfg = Release|Any CPU
		{C1A6C827-4B9A-441C-9393-A357ACF1F5CC}.Release|iPhoneSimulator.ActiveCfg = Release|Any CPU
		{C1A6C827-4B9A-441C-9393-A357ACF1F5CC}.Release|Mixed Platforms.ActiveCfg = Release|x86
		{C1A6C827-4B9A-441C-9393-A357ACF1F5CC}.Release|Mixed Platforms.Build.0 = Release|x86
		{C1A6C827-4B9A-441C-9393-A357ACF1F5CC}.Release|Mixed Platforms.Deploy.0 = Release|x86
		{C1A6C827-4B9A-441C-9393-A357ACF1F5CC}.Release|x86.ActiveCfg = Release|x86
		{C1A6C827-4B9A-441C-9393-A357ACF1F5CC}.Release|x86.Build.0 = Release|x86
		{C1A6C827-4B9A-441C-9393-A357ACF1F5CC}.Release|x86.Deploy.0 = Release|x86
		{C4CC474E-01EF-4CA7-AF9D-DF7BDB7E51FB}.Ad-Hoc|Any CPU.ActiveCfg = Release|Any CPU
		{C4CC474E-01EF-4CA7-AF9D-DF7BDB7E51FB}.Ad-Hoc|Any CPU.Build.0 = Release|Any CPU
		{C4CC474E-01EF-4CA7-AF9D-DF7BDB7E51FB}.Ad-Hoc|Any CPU.Deploy.0 = Release|Any CPU
		{C4CC474E-01EF-4CA7-AF9D-DF7BDB7E51FB}.Ad-Hoc|ARM.ActiveCfg = Release|Any CPU
		{C4CC474E-01EF-4CA7-AF9D-DF7BDB7E51FB}.Ad-Hoc|iPhone.ActiveCfg = Release|Any CPU
		{C4CC474E-01EF-4CA7-AF9D-DF7BDB7E51FB}.Ad-Hoc|iPhoneSimulator.ActiveCfg = Release|Any CPU
		{C4CC474E-01EF-4CA7-AF9D-DF7BDB7E51FB}.Ad-Hoc|Mixed Platforms.ActiveCfg = Release|Any CPU
		{C4CC474E-01EF-4CA7-AF9D-DF7BDB7E51FB}.Ad-Hoc|Mixed Platforms.Build.0 = Release|Any CPU
		{C4CC474E-01EF-4CA7-AF9D-DF7BDB7E51FB}.Ad-Hoc|Mixed Platforms.Deploy.0 = Release|Any CPU
		{C4CC474E-01EF-4CA7-AF9D-DF7BDB7E51FB}.Ad-Hoc|x86.ActiveCfg = Release|Any CPU
		{C4CC474E-01EF-4CA7-AF9D-DF7BDB7E51FB}.AppStore|Any CPU.ActiveCfg = Release|Any CPU
		{C4CC474E-01EF-4CA7-AF9D-DF7BDB7E51FB}.AppStore|Any CPU.Build.0 = Release|Any CPU
		{C4CC474E-01EF-4CA7-AF9D-DF7BDB7E51FB}.AppStore|Any CPU.Deploy.0 = Release|Any CPU
		{C4CC474E-01EF-4CA7-AF9D-DF7BDB7E51FB}.AppStore|ARM.ActiveCfg = Release|Any CPU
		{C4CC474E-01EF-4CA7-AF9D-DF7BDB7E51FB}.AppStore|iPhone.ActiveCfg = Release|Any CPU
		{C4CC474E-01EF-4CA7-AF9D-DF7BDB7E51FB}.AppStore|iPhoneSimulator.ActiveCfg = Release|Any CPU
		{C4CC474E-01EF-4CA7-AF9D-DF7BDB7E51FB}.AppStore|Mixed Platforms.ActiveCfg = Release|Any CPU
		{C4CC474E-01EF-4CA7-AF9D-DF7BDB7E51FB}.AppStore|Mixed Platforms.Build.0 = Release|Any CPU
		{C4CC474E-01EF-4CA7-AF9D-DF7BDB7E51FB}.AppStore|Mixed Platforms.Deploy.0 = Release|Any CPU
		{C4CC474E-01EF-4CA7-AF9D-DF7BDB7E51FB}.AppStore|x86.ActiveCfg = Release|Any CPU
		{C4CC474E-01EF-4CA7-AF9D-DF7BDB7E51FB}.Debug|Any CPU.ActiveCfg = Debug|Any CPU
		{C4CC474E-01EF-4CA7-AF9D-DF7BDB7E51FB}.Debug|Any CPU.Build.0 = Debug|Any CPU
		{C4CC474E-01EF-4CA7-AF9D-DF7BDB7E51FB}.Debug|Any CPU.Deploy.0 = Debug|Any CPU
		{C4CC474E-01EF-4CA7-AF9D-DF7BDB7E51FB}.Debug|ARM.ActiveCfg = Debug|Any CPU
		{C4CC474E-01EF-4CA7-AF9D-DF7BDB7E51FB}.Debug|iPhone.ActiveCfg = Debug|Any CPU
		{C4CC474E-01EF-4CA7-AF9D-DF7BDB7E51FB}.Debug|iPhoneSimulator.ActiveCfg = Debug|Any CPU
		{C4CC474E-01EF-4CA7-AF9D-DF7BDB7E51FB}.Debug|Mixed Platforms.ActiveCfg = Debug|Any CPU
		{C4CC474E-01EF-4CA7-AF9D-DF7BDB7E51FB}.Debug|Mixed Platforms.Build.0 = Debug|Any CPU
		{C4CC474E-01EF-4CA7-AF9D-DF7BDB7E51FB}.Debug|Mixed Platforms.Deploy.0 = Debug|Any CPU
		{C4CC474E-01EF-4CA7-AF9D-DF7BDB7E51FB}.Debug|x86.ActiveCfg = Debug|Any CPU
		{C4CC474E-01EF-4CA7-AF9D-DF7BDB7E51FB}.Release|Any CPU.ActiveCfg = Release|Any CPU
		{C4CC474E-01EF-4CA7-AF9D-DF7BDB7E51FB}.Release|Any CPU.Build.0 = Release|Any CPU
		{C4CC474E-01EF-4CA7-AF9D-DF7BDB7E51FB}.Release|Any CPU.Deploy.0 = Release|Any CPU
		{C4CC474E-01EF-4CA7-AF9D-DF7BDB7E51FB}.Release|ARM.ActiveCfg = Release|Any CPU
		{C4CC474E-01EF-4CA7-AF9D-DF7BDB7E51FB}.Release|iPhone.ActiveCfg = Release|Any CPU
		{C4CC474E-01EF-4CA7-AF9D-DF7BDB7E51FB}.Release|iPhoneSimulator.ActiveCfg = Release|Any CPU
		{C4CC474E-01EF-4CA7-AF9D-DF7BDB7E51FB}.Release|Mixed Platforms.ActiveCfg = Release|Any CPU
		{C4CC474E-01EF-4CA7-AF9D-DF7BDB7E51FB}.Release|Mixed Platforms.Build.0 = Release|Any CPU
		{C4CC474E-01EF-4CA7-AF9D-DF7BDB7E51FB}.Release|Mixed Platforms.Deploy.0 = Release|Any CPU
		{C4CC474E-01EF-4CA7-AF9D-DF7BDB7E51FB}.Release|x86.ActiveCfg = Release|Any CPU
		{CF257DAD-EB38-406A-9AE6-CD7119EF2032}.Ad-Hoc|Any CPU.ActiveCfg = Release|Any CPU
		{CF257DAD-EB38-406A-9AE6-CD7119EF2032}.Ad-Hoc|Any CPU.Build.0 = Release|Any CPU
		{CF257DAD-EB38-406A-9AE6-CD7119EF2032}.Ad-Hoc|ARM.ActiveCfg = Release|Any CPU
		{CF257DAD-EB38-406A-9AE6-CD7119EF2032}.Ad-Hoc|ARM.Build.0 = Release|Any CPU
		{CF257DAD-EB38-406A-9AE6-CD7119EF2032}.Ad-Hoc|iPhone.ActiveCfg = Release|Any CPU
		{CF257DAD-EB38-406A-9AE6-CD7119EF2032}.Ad-Hoc|iPhone.Build.0 = Release|Any CPU
		{CF257DAD-EB38-406A-9AE6-CD7119EF2032}.Ad-Hoc|iPhoneSimulator.ActiveCfg = Release|Any CPU
		{CF257DAD-EB38-406A-9AE6-CD7119EF2032}.Ad-Hoc|iPhoneSimulator.Build.0 = Release|Any CPU
		{CF257DAD-EB38-406A-9AE6-CD7119EF2032}.Ad-Hoc|Mixed Platforms.ActiveCfg = Release|Any CPU
		{CF257DAD-EB38-406A-9AE6-CD7119EF2032}.Ad-Hoc|Mixed Platforms.Build.0 = Release|Any CPU
		{CF257DAD-EB38-406A-9AE6-CD7119EF2032}.Ad-Hoc|x86.ActiveCfg = Release|Any CPU
		{CF257DAD-EB38-406A-9AE6-CD7119EF2032}.Ad-Hoc|x86.Build.0 = Release|Any CPU
		{CF257DAD-EB38-406A-9AE6-CD7119EF2032}.AppStore|Any CPU.ActiveCfg = Release|Any CPU
		{CF257DAD-EB38-406A-9AE6-CD7119EF2032}.AppStore|Any CPU.Build.0 = Release|Any CPU
		{CF257DAD-EB38-406A-9AE6-CD7119EF2032}.AppStore|ARM.ActiveCfg = Release|Any CPU
		{CF257DAD-EB38-406A-9AE6-CD7119EF2032}.AppStore|ARM.Build.0 = Release|Any CPU
		{CF257DAD-EB38-406A-9AE6-CD7119EF2032}.AppStore|iPhone.ActiveCfg = Release|Any CPU
		{CF257DAD-EB38-406A-9AE6-CD7119EF2032}.AppStore|iPhone.Build.0 = Release|Any CPU
		{CF257DAD-EB38-406A-9AE6-CD7119EF2032}.AppStore|iPhoneSimulator.ActiveCfg = Release|Any CPU
		{CF257DAD-EB38-406A-9AE6-CD7119EF2032}.AppStore|iPhoneSimulator.Build.0 = Release|Any CPU
		{CF257DAD-EB38-406A-9AE6-CD7119EF2032}.AppStore|Mixed Platforms.ActiveCfg = Release|Any CPU
		{CF257DAD-EB38-406A-9AE6-CD7119EF2032}.AppStore|Mixed Platforms.Build.0 = Release|Any CPU
		{CF257DAD-EB38-406A-9AE6-CD7119EF2032}.AppStore|x86.ActiveCfg = Release|Any CPU
		{CF257DAD-EB38-406A-9AE6-CD7119EF2032}.AppStore|x86.Build.0 = Release|Any CPU
		{CF257DAD-EB38-406A-9AE6-CD7119EF2032}.Debug|Any CPU.ActiveCfg = Debug|Any CPU
		{CF257DAD-EB38-406A-9AE6-CD7119EF2032}.Debug|Any CPU.Build.0 = Debug|Any CPU
		{CF257DAD-EB38-406A-9AE6-CD7119EF2032}.Debug|ARM.ActiveCfg = Debug|Any CPU
		{CF257DAD-EB38-406A-9AE6-CD7119EF2032}.Debug|ARM.Build.0 = Debug|Any CPU
		{CF257DAD-EB38-406A-9AE6-CD7119EF2032}.Debug|iPhone.ActiveCfg = Debug|Any CPU
		{CF257DAD-EB38-406A-9AE6-CD7119EF2032}.Debug|iPhone.Build.0 = Debug|Any CPU
		{CF257DAD-EB38-406A-9AE6-CD7119EF2032}.Debug|iPhoneSimulator.ActiveCfg = Debug|Any CPU
		{CF257DAD-EB38-406A-9AE6-CD7119EF2032}.Debug|iPhoneSimulator.Build.0 = Debug|Any CPU
		{CF257DAD-EB38-406A-9AE6-CD7119EF2032}.Debug|Mixed Platforms.ActiveCfg = Debug|Any CPU
		{CF257DAD-EB38-406A-9AE6-CD7119EF2032}.Debug|Mixed Platforms.Build.0 = Debug|Any CPU
		{CF257DAD-EB38-406A-9AE6-CD7119EF2032}.Debug|x86.ActiveCfg = Debug|Any CPU
		{CF257DAD-EB38-406A-9AE6-CD7119EF2032}.Debug|x86.Build.0 = Debug|Any CPU
		{CF257DAD-EB38-406A-9AE6-CD7119EF2032}.Release|Any CPU.ActiveCfg = Release|Any CPU
		{CF257DAD-EB38-406A-9AE6-CD7119EF2032}.Release|Any CPU.Build.0 = Release|Any CPU
		{CF257DAD-EB38-406A-9AE6-CD7119EF2032}.Release|ARM.ActiveCfg = Release|Any CPU
		{CF257DAD-EB38-406A-9AE6-CD7119EF2032}.Release|ARM.Build.0 = Release|Any CPU
		{CF257DAD-EB38-406A-9AE6-CD7119EF2032}.Release|iPhone.ActiveCfg = Release|Any CPU
		{CF257DAD-EB38-406A-9AE6-CD7119EF2032}.Release|iPhone.Build.0 = Release|Any CPU
		{CF257DAD-EB38-406A-9AE6-CD7119EF2032}.Release|iPhoneSimulator.ActiveCfg = Release|Any CPU
		{CF257DAD-EB38-406A-9AE6-CD7119EF2032}.Release|iPhoneSimulator.Build.0 = Release|Any CPU
		{CF257DAD-EB38-406A-9AE6-CD7119EF2032}.Release|Mixed Platforms.ActiveCfg = Release|Any CPU
		{CF257DAD-EB38-406A-9AE6-CD7119EF2032}.Release|Mixed Platforms.Build.0 = Release|Any CPU
		{CF257DAD-EB38-406A-9AE6-CD7119EF2032}.Release|x86.ActiveCfg = Release|Any CPU
		{CF257DAD-EB38-406A-9AE6-CD7119EF2032}.Release|x86.Build.0 = Release|Any CPU
	EndGlobalSection
	GlobalSection(MonoDevelopProperties) = preSolution
		StartupItem = TekConf.Mobile\TekConf.Mobile.iOS\TekConf.Mobile.iOS.csproj
	EndGlobalSection
	GlobalSection(SolutionProperties) = preSolution
		HideSolutionNode = FALSE
	EndGlobalSection
EndGlobal
