
Microsoft Visual Studio Solution File, Format Version 12.00
# Visual Studio 2012
VisualStudioVersion = 12.0.30723.0
MinimumVisualStudioVersion = 10.0.40219.1
Project("{FAE04EC0-301F-11D3-BF4B-00C04F79EFBC}") = "TekConf.Mobile", "TekConf.Mobile\TekConf.Mobile\TekConf.Mobile.csproj", "{DDAD217B-655B-4B39-882C-5EEC5889E30E}"
EndProject
Project("{FAE04EC0-301F-11D3-BF4B-00C04F79EFBC}") = "TekConf.Mobile.iOS", "TekConf.Mobile\TekConf.Mobile.iOS\TekConf.Mobile.iOS.csproj", "{0A5C43E0-B545-407F-99AE-18446B86648C}"
EndProject
Project("{FAE04EC0-301F-11D3-BF4B-00C04F79EFBC}") = "TekConf.Mobile.Android", "TekConf.Mobile\TekConf.Mobile.Android\TekConf.Mobile.Android.csproj", "{3BAC0D08-6450-4348-BD35-FAD04BDF75FF}"
EndProject
Project("{FAE04EC0-301F-11D3-BF4B-00C04F79EFBC}") = "TekConf.Mobile.WinPhone", "TekConf.Mobile\TekConf.Mobile.WinPhone\TekConf.Mobile.WinPhone.csproj", "{3A828093-AB54-41D2-8BE1-5D49851184D7}"
EndProject
Project("{2150E333-8FDC-42A3-9474-1A3956D46DE8}") = ".nuget", ".nuget", "{068BCF08-A810-4226-8204-6AFF5E996513}"
	ProjectSection(SolutionItems) = preProject
		.nuget\NuGet.Config = .nuget\NuGet.Config
		.nuget\NuGet.exe = .nuget\NuGet.exe
		.nuget\NuGet.targets = .nuget\NuGet.targets
	EndProjectSection
EndProject
Global
	GlobalSection(SolutionConfigurationPlatforms) = preSolution
		Ad-Hoc|Any CPU = Ad-Hoc|Any CPU
		Ad-Hoc|ARM = Ad-Hoc|ARM
		Ad-Hoc|iPhone = Ad-Hoc|iPhone
		Ad-Hoc|iPhoneSimulator = Ad-Hoc|iPhoneSimulator
		Ad-Hoc|Mixed Platforms = Ad-Hoc|Mixed Platforms
		Ad-Hoc|x86 = Ad-Hoc|x86
		AppStore|Any CPU = AppStore|Any CPU
		AppStore|ARM = AppStore|ARM
		AppStore|iPhone = AppStore|iPhone
		AppStore|iPhoneSimulator = AppStore|iPhoneSimulator
		AppStore|Mixed Platforms = AppStore|Mixed Platforms
		AppStore|x86 = AppStore|x86
		Debug|Any CPU = Debug|Any CPU
		Debug|ARM = Debug|ARM
		Debug|iPhone = Debug|iPhone
		Debug|iPhoneSimulator = Debug|iPhoneSimulator
		Debug|Mixed Platforms = Debug|Mixed Platforms
		Debug|x86 = Debug|x86
		Release|Any CPU = Release|Any CPU
		Release|ARM = Release|ARM
		Release|iPhone = Release|iPhone
		Release|iPhoneSimulator = Release|iPhoneSimulator
		Release|Mixed Platforms = Release|Mixed Platforms
		Release|x86 = Release|x86
	EndGlobalSection
	GlobalSection(ProjectConfigurationPlatforms) = postSolution
		{0A5C43E0-B545-407F-99AE-18446B86648C}.Ad-Hoc|Any CPU.ActiveCfg = Ad-Hoc|iPhone
		{0A5C43E0-B545-407F-99AE-18446B86648C}.Ad-Hoc|ARM.ActiveCfg = Ad-Hoc|iPhone
		{0A5C43E0-B545-407F-99AE-18446B86648C}.Ad-Hoc|iPhone.ActiveCfg = Ad-Hoc|iPhone
		{0A5C43E0-B545-407F-99AE-18446B86648C}.Ad-Hoc|iPhone.Build.0 = Ad-Hoc|iPhone
		{0A5C43E0-B545-407F-99AE-18446B86648C}.Ad-Hoc|iPhoneSimulator.ActiveCfg = Ad-Hoc|iPhoneSimulator
		{0A5C43E0-B545-407F-99AE-18446B86648C}.Ad-Hoc|iPhoneSimulator.Build.0 = Ad-Hoc|iPhoneSimulator
		{0A5C43E0-B545-407F-99AE-18446B86648C}.Ad-Hoc|Mixed Platforms.ActiveCfg = Ad-Hoc|iPhone
		{0A5C43E0-B545-407F-99AE-18446B86648C}.Ad-Hoc|Mixed Platforms.Build.0 = Ad-Hoc|iPhone
		{0A5C43E0-B545-407F-99AE-18446B86648C}.Ad-Hoc|x86.ActiveCfg = Ad-Hoc|iPhone
		{0A5C43E0-B545-407F-99AE-18446B86648C}.AppStore|Any CPU.ActiveCfg = AppStore|iPhone
		{0A5C43E0-B545-407F-99AE-18446B86648C}.AppStore|ARM.ActiveCfg = AppStore|iPhone
		{0A5C43E0-B545-407F-99AE-18446B86648C}.AppStore|iPhone.ActiveCfg = AppStore|iPhone
		{0A5C43E0-B545-407F-99AE-18446B86648C}.AppStore|iPhone.Build.0 = AppStore|iPhone
		{0A5C43E0-B545-407F-99AE-18446B86648C}.AppStore|iPhoneSimulator.ActiveCfg = AppStore|iPhoneSimulator
		{0A5C43E0-B545-407F-99AE-18446B86648C}.AppStore|iPhoneSimulator.Build.0 = AppStore|iPhoneSimulator
		{0A5C43E0-B545-407F-99AE-18446B86648C}.AppStore|Mixed Platforms.ActiveCfg = AppStore|iPhone
		{0A5C43E0-B545-407F-99AE-18446B86648C}.AppStore|Mixed Platforms.Build.0 = AppStore|iPhone
		{0A5C43E0-B545-407F-99AE-18446B86648C}.AppStore|x86.ActiveCfg = AppStore|iPhone
		{0A5C43E0-B545-407F-99AE-18446B86648C}.Debug|Any CPU.ActiveCfg = Debug|iPhone
		{0A5C43E0-B545-407F-99AE-18446B86648C}.Debug|ARM.ActiveCfg = Debug|iPhone
		{0A5C43E0-B545-407F-99AE-18446B86648C}.Debug|iPhone.ActiveCfg = Debug|iPhone
		{0A5C43E0-B545-407F-99AE-18446B86648C}.Debug|iPhone.Build.0 = Debug|iPhone
		{0A5C43E0-B545-407F-99AE-18446B86648C}.Debug|iPhoneSimulator.ActiveCfg = Debug|iPhoneSimulator
		{0A5C43E0-B545-407F-99AE-18446B86648C}.Debug|iPhoneSimulator.Build.0 = Debug|iPhoneSimulator
		{0A5C43E0-B545-407F-99AE-18446B86648C}.Debug|Mixed Platforms.ActiveCfg = Debug|iPhone
		{0A5C43E0-B545-407F-99AE-18446B86648C}.Debug|Mixed Platforms.Build.0 = Debug|iPhone
		{0A5C43E0-B545-407F-99AE-18446B86648C}.Debug|x86.ActiveCfg = Debug|iPhone
		{0A5C43E0-B545-407F-99AE-18446B86648C}.Release|Any CPU.ActiveCfg = Release|iPhone
		{0A5C43E0-B545-407F-99AE-18446B86648C}.Release|ARM.ActiveCfg = Release|iPhone
		{0A5C43E0-B545-407F-99AE-18446B86648C}.Release|iPhone.ActiveCfg = Release|iPhone
		{0A5C43E0-B545-407F-99AE-18446B86648C}.Release|iPhone.Build.0 = Release|iPhone
		{0A5C43E0-B545-407F-99AE-18446B86648C}.Release|iPhoneSimulator.ActiveCfg = Release|iPhoneSimulator
		{0A5C43E0-B545-407F-99AE-18446B86648C}.Release|iPhoneSimulator.Build.0 = Release|iPhoneSimulator
		{0A5C43E0-B545-407F-99AE-18446B86648C}.Release|Mixed Platforms.ActiveCfg = Release|iPhone
		{0A5C43E0-B545-407F-99AE-18446B86648C}.Release|Mixed Platforms.Build.0 = Release|iPhone
		{0A5C43E0-B545-407F-99AE-18446B86648C}.Release|x86.ActiveCfg = Release|iPhone
		{3A828093-AB54-41D2-8BE1-5D49851184D7}.Ad-Hoc|Any CPU.ActiveCfg = Release|Any CPU
		{3A828093-AB54-41D2-8BE1-5D49851184D7}.Ad-Hoc|Any CPU.Build.0 = Release|Any CPU
		{3A828093-AB54-41D2-8BE1-5D49851184D7}.Ad-Hoc|Any CPU.Deploy.0 = Release|Any CPU
		{3A828093-AB54-41D2-8BE1-5D49851184D7}.Ad-Hoc|ARM.ActiveCfg = Release|ARM
		{3A828093-AB54-41D2-8BE1-5D49851184D7}.Ad-Hoc|ARM.Build.0 = Release|ARM
		{3A828093-AB54-41D2-8BE1-5D49851184D7}.Ad-Hoc|ARM.Deploy.0 = Release|ARM
		{3A828093-AB54-41D2-8BE1-5D49851184D7}.Ad-Hoc|iPhone.ActiveCfg = Release|Any CPU
		{3A828093-AB54-41D2-8BE1-5D49851184D7}.Ad-Hoc|iPhoneSimulator.ActiveCfg = Release|Any CPU
		{3A828093-AB54-41D2-8BE1-5D49851184D7}.Ad-Hoc|Mixed Platforms.ActiveCfg = Release|x86
		{3A828093-AB54-41D2-8BE1-5D49851184D7}.Ad-Hoc|Mixed Platforms.Build.0 = Release|x86
		{3A828093-AB54-41D2-8BE1-5D49851184D7}.Ad-Hoc|Mixed Platforms.Deploy.0 = Release|x86
		{3A828093-AB54-41D2-8BE1-5D49851184D7}.Ad-Hoc|x86.ActiveCfg = Release|x86
		{3A828093-AB54-41D2-8BE1-5D49851184D7}.Ad-Hoc|x86.Build.0 = Release|x86
		{3A828093-AB54-41D2-8BE1-5D49851184D7}.Ad-Hoc|x86.Deploy.0 = Release|x86
		{3A828093-AB54-41D2-8BE1-5D49851184D7}.AppStore|Any CPU.ActiveCfg = Release|Any CPU
		{3A828093-AB54-41D2-8BE1-5D49851184D7}.AppStore|Any CPU.Build.0 = Release|Any CPU
		{3A828093-AB54-41D2-8BE1-5D49851184D7}.AppStore|Any CPU.Deploy.0 = Release|Any CPU
		{3A828093-AB54-41D2-8BE1-5D49851184D7}.AppStore|ARM.ActiveCfg = Release|ARM
		{3A828093-AB54-41D2-8BE1-5D49851184D7}.AppStore|ARM.Build.0 = Release|ARM
		{3A828093-AB54-41D2-8BE1-5D49851184D7}.AppStore|ARM.Deploy.0 = Release|ARM
		{3A828093-AB54-41D2-8BE1-5D49851184D7}.AppStore|iPhone.ActiveCfg = Release|Any CPU
		{3A828093-AB54-41D2-8BE1-5D49851184D7}.AppStore|iPhoneSimulator.ActiveCfg = Release|Any CPU
		{3A828093-AB54-41D2-8BE1-5D49851184D7}.AppStore|Mixed Platforms.ActiveCfg = Release|x86
		{3A828093-AB54-41D2-8BE1-5D49851184D7}.AppStore|Mixed Platforms.Build.0 = Release|x86
		{3A828093-AB54-41D2-8BE1-5D49851184D7}.AppStore|Mixed Platforms.Deploy.0 = Release|x86
		{3A828093-AB54-41D2-8BE1-5D49851184D7}.AppStore|x86.ActiveCfg = Release|x86
		{3A828093-AB54-41D2-8BE1-5D49851184D7}.AppStore|x86.Build.0 = Release|x86
		{3A828093-AB54-41D2-8BE1-5D49851184D7}.AppStore|x86.Deploy.0 = Release|x86
		{3A828093-AB54-41D2-8BE1-5D49851184D7}.Debug|Any CPU.ActiveCfg = Debug|Any CPU
		{3A828093-AB54-41D2-8BE1-5D49851184D7}.Debug|Any CPU.Build.0 = Debug|Any CPU
		{3A828093-AB54-41D2-8BE1-5D49851184D7}.Debug|Any CPU.Deploy.0 = Debug|Any CPU
		{3A828093-AB54-41D2-8BE1-5D49851184D7}.Debug|ARM.ActiveCfg = Debug|ARM
		{3A828093-AB54-41D2-8BE1-5D49851184D7}.Debug|ARM.Build.0 = Debug|ARM
		{3A828093-AB54-41D2-8BE1-5D49851184D7}.Debug|ARM.Deploy.0 = Debug|ARM
		{3A828093-AB54-41D2-8BE1-5D49851184D7}.Debug|iPhone.ActiveCfg = Debug|Any CPU
		{3A828093-AB54-41D2-8BE1-5D49851184D7}.Debug|iPhoneSimulator.ActiveCfg = Debug|Any CPU
		{3A828093-AB54-41D2-8BE1-5D49851184D7}.Debug|Mixed Platforms.ActiveCfg = Debug|x86
		{3A828093-AB54-41D2-8BE1-5D49851184D7}.Debug|Mixed Platforms.Build.0 = Debug|x86
		{3A828093-AB54-41D2-8BE1-5D49851184D7}.Debug|Mixed Platforms.Deploy.0 = Debug|x86
		{3A828093-AB54-41D2-8BE1-5D49851184D7}.Debug|x86.ActiveCfg = Debug|x86
		{3A828093-AB54-41D2-8BE1-5D49851184D7}.Debug|x86.Build.0 = Debug|x86
		{3A828093-AB54-41D2-8BE1-5D49851184D7}.Debug|x86.Deploy.0 = Debug|x86
		{3A828093-AB54-41D2-8BE1-5D49851184D7}.Release|Any CPU.ActiveCfg = Release|Any CPU
		{3A828093-AB54-41D2-8BE1-5D49851184D7}.Release|Any CPU.Build.0 = Release|Any CPU
		{3A828093-AB54-41D2-8BE1-5D49851184D7}.Release|Any CPU.Deploy.0 = Release|Any CPU
		{3A828093-AB54-41D2-8BE1-5D49851184D7}.Release|ARM.ActiveCfg = Release|ARM
		{3A828093-AB54-41D2-8BE1-5D49851184D7}.Release|ARM.Build.0 = Release|ARM
		{3A828093-AB54-41D2-8BE1-5D49851184D7}.Release|ARM.Deploy.0 = Release|ARM
		{3A828093-AB54-41D2-8BE1-5D49851184D7}.Release|iPhone.ActiveCfg = Release|Any CPU
		{3A828093-AB54-41D2-8BE1-5D49851184D7}.Release|iPhoneSimulator.ActiveCfg = Release|Any CPU
		{3A828093-AB54-41D2-8BE1-5D49851184D7}.Release|Mixed Platforms.ActiveCfg = Release|x86
		{3A828093-AB54-41D2-8BE1-5D49851184D7}.Release|Mixed Platforms.Build.0 = Release|x86
		{3A828093-AB54-41D2-8BE1-5D49851184D7}.Release|Mixed Platforms.Deploy.0 = Release|x86
		{3A828093-AB54-41D2-8BE1-5D49851184D7}.Release|x86.ActiveCfg = Release|x86
		{3A828093-AB54-41D2-8BE1-5D49851184D7}.Release|x86.Build.0 = Release|x86
		{3A828093-AB54-41D2-8BE1-5D49851184D7}.Release|x86.Deploy.0 = Release|x86
		{3BAC0D08-6450-4348-BD35-FAD04BDF75FF}.Ad-Hoc|Any CPU.ActiveCfg = Release|Any CPU
		{3BAC0D08-6450-4348-BD35-FAD04BDF75FF}.Ad-Hoc|Any CPU.Build.0 = Release|Any CPU
		{3BAC0D08-6450-4348-BD35-FAD04BDF75FF}.Ad-Hoc|Any CPU.Deploy.0 = Release|Any CPU
		{3BAC0D08-6450-4348-BD35-FAD04BDF75FF}.Ad-Hoc|ARM.ActiveCfg = Release|Any CPU
		{3BAC0D08-6450-4348-BD35-FAD04BDF75FF}.Ad-Hoc|iPhone.ActiveCfg = Release|Any CPU
		{3BAC0D08-6450-4348-BD35-FAD04BDF75FF}.Ad-Hoc|iPhoneSimulator.ActiveCfg = Release|Any CPU
		{3BAC0D08-6450-4348-BD35-FAD04BDF75FF}.Ad-Hoc|Mixed Platforms.ActiveCfg = Release|Any CPU
		{3BAC0D08-6450-4348-BD35-FAD04BDF75FF}.Ad-Hoc|Mixed Platforms.Build.0 = Release|Any CPU
		{3BAC0D08-6450-4348-BD35-FAD04BDF75FF}.Ad-Hoc|Mixed Platforms.Deploy.0 = Release|Any CPU
		{3BAC0D08-6450-4348-BD35-FAD04BDF75FF}.Ad-Hoc|x86.ActiveCfg = Release|Any CPU
		{3BAC0D08-6450-4348-BD35-FAD04BDF75FF}.AppStore|Any CPU.ActiveCfg = Release|Any CPU
		{3BAC0D08-6450-4348-BD35-FAD04BDF75FF}.AppStore|Any CPU.Build.0 = Release|Any CPU
		{3BAC0D08-6450-4348-BD35-FAD04BDF75FF}.AppStore|Any CPU.Deploy.0 = Release|Any CPU
		{3BAC0D08-6450-4348-BD35-FAD04BDF75FF}.AppStore|ARM.ActiveCfg = Release|Any CPU
		{3BAC0D08-6450-4348-BD35-FAD04BDF75FF}.AppStore|iPhone.ActiveCfg = Release|Any CPU
		{3BAC0D08-6450-4348-BD35-FAD04BDF75FF}.AppStore|iPhoneSimulator.ActiveCfg = Release|Any CPU
		{3BAC0D08-6450-4348-BD35-FAD04BDF75FF}.AppStore|Mixed Platforms.ActiveCfg = Release|Any CPU
		{3BAC0D08-6450-4348-BD35-FAD04BDF75FF}.AppStore|Mixed Platforms.Build.0 = Release|Any CPU
		{3BAC0D08-6450-4348-BD35-FAD04BDF75FF}.AppStore|Mixed Platforms.Deploy.0 = Release|Any CPU
		{3BAC0D08-6450-4348-BD35-FAD04BDF75FF}.AppStore|x86.ActiveCfg = Release|Any CPU
		{3BAC0D08-6450-4348-BD35-FAD04BDF75FF}.Debug|Any CPU.ActiveCfg = Debug|Any CPU
		{3BAC0D08-6450-4348-BD35-FAD04BDF75FF}.Debug|Any CPU.Build.0 = Debug|Any CPU
		{3BAC0D08-6450-4348-BD35-FAD04BDF75FF}.Debug|Any CPU.Deploy.0 = Debug|Any CPU
		{3BAC0D08-6450-4348-BD35-FAD04BDF75FF}.Debug|ARM.ActiveCfg = Debug|Any CPU
		{3BAC0D08-6450-4348-BD35-FAD04BDF75FF}.Debug|iPhone.ActiveCfg = Debug|Any CPU
		{3BAC0D08-6450-4348-BD35-FAD04BDF75FF}.Debug|iPhoneSimulator.ActiveCfg = Debug|Any CPU
		{3BAC0D08-6450-4348-BD35-FAD04BDF75FF}.Debug|iPhoneSimulator.Build.0 = Debug|Any CPU
		{3BAC0D08-6450-4348-BD35-FAD04BDF75FF}.Debug|Mixed Platforms.ActiveCfg = Debug|Any CPU
		{3BAC0D08-6450-4348-BD35-FAD04BDF75FF}.Debug|Mixed Platforms.Build.0 = Debug|Any CPU
		{3BAC0D08-6450-4348-BD35-FAD04BDF75FF}.Debug|Mixed Platforms.Deploy.0 = Debug|Any CPU
		{3BAC0D08-6450-4348-BD35-FAD04BDF75FF}.Debug|x86.ActiveCfg = Debug|Any CPU
		{3BAC0D08-6450-4348-BD35-FAD04BDF75FF}.Release|Any CPU.ActiveCfg = Release|Any CPU
		{3BAC0D08-6450-4348-BD35-FAD04BDF75FF}.Release|Any CPU.Build.0 = Release|Any CPU
		{3BAC0D08-6450-4348-BD35-FAD04BDF75FF}.Release|Any CPU.Deploy.0 = Release|Any CPU
		{3BAC0D08-6450-4348-BD35-FAD04BDF75FF}.Release|ARM.ActiveCfg = Release|Any CPU
		{3BAC0D08-6450-4348-BD35-FAD04BDF75FF}.Release|iPhone.ActiveCfg = Release|Any CPU
		{3BAC0D08-6450-4348-BD35-FAD04BDF75FF}.Release|iPhoneSimulator.ActiveCfg = Release|Any CPU
		{3BAC0D08-6450-4348-BD35-FAD04BDF75FF}.Release|Mixed Platforms.ActiveCfg = Release|Any CPU
		{3BAC0D08-6450-4348-BD35-FAD04BDF75FF}.Release|Mixed Platforms.Build.0 = Release|Any CPU
		{3BAC0D08-6450-4348-BD35-FAD04BDF75FF}.Release|Mixed Platforms.Deploy.0 = Release|Any CPU
		{3BAC0D08-6450-4348-BD35-FAD04BDF75FF}.Release|x86.ActiveCfg = Release|Any CPU
		{DDAD217B-655B-4B39-882C-5EEC5889E30E}.Ad-Hoc|Any CPU.ActiveCfg = Release|Any CPU
		{DDAD217B-655B-4B39-882C-5EEC5889E30E}.Ad-Hoc|Any CPU.Build.0 = Release|Any CPU
		{DDAD217B-655B-4B39-882C-5EEC5889E30E}.Ad-Hoc|ARM.ActiveCfg = Release|Any CPU
		{DDAD217B-655B-4B39-882C-5EEC5889E30E}.Ad-Hoc|iPhone.ActiveCfg = Release|Any CPU
		{DDAD217B-655B-4B39-882C-5EEC5889E30E}.Ad-Hoc|iPhoneSimulator.ActiveCfg = Release|Any CPU
		{DDAD217B-655B-4B39-882C-5EEC5889E30E}.Ad-Hoc|Mixed Platforms.ActiveCfg = Release|Any CPU
		{DDAD217B-655B-4B39-882C-5EEC5889E30E}.Ad-Hoc|Mixed Platforms.Build.0 = Release|Any CPU
		{DDAD217B-655B-4B39-882C-5EEC5889E30E}.Ad-Hoc|x86.ActiveCfg = Release|Any CPU
		{DDAD217B-655B-4B39-882C-5EEC5889E30E}.AppStore|Any CPU.ActiveCfg = Release|Any CPU
		{DDAD217B-655B-4B39-882C-5EEC5889E30E}.AppStore|Any CPU.Build.0 = Release|Any CPU
		{DDAD217B-655B-4B39-882C-5EEC5889E30E}.AppStore|ARM.ActiveCfg = Release|Any CPU
		{DDAD217B-655B-4B39-882C-5EEC5889E30E}.AppStore|iPhone.ActiveCfg = Release|Any CPU
		{DDAD217B-655B-4B39-882C-5EEC5889E30E}.AppStore|iPhoneSimulator.ActiveCfg = Release|Any CPU
		{DDAD217B-655B-4B39-882C-5EEC5889E30E}.AppStore|Mixed Platforms.ActiveCfg = Release|Any CPU
		{DDAD217B-655B-4B39-882C-5EEC5889E30E}.AppStore|Mixed Platforms.Build.0 = Release|Any CPU
		{DDAD217B-655B-4B39-882C-5EEC5889E30E}.AppStore|x86.ActiveCfg = Release|Any CPU
		{DDAD217B-655B-4B39-882C-5EEC5889E30E}.Debug|Any CPU.ActiveCfg = Debug|Any CPU
		{DDAD217B-655B-4B39-882C-5EEC5889E30E}.Debug|Any CPU.Build.0 = Debug|Any CPU
		{DDAD217B-655B-4B39-882C-5EEC5889E30E}.Debug|ARM.ActiveCfg = Debug|Any CPU
		{DDAD217B-655B-4B39-882C-5EEC5889E30E}.Debug|iPhone.ActiveCfg = Debug|Any CPU
		{DDAD217B-655B-4B39-882C-5EEC5889E30E}.Debug|iPhoneSimulator.ActiveCfg = Debug|Any CPU
		{DDAD217B-655B-4B39-882C-5EEC5889E30E}.Debug|iPhoneSimulator.Build.0 = Debug|Any CPU
		{DDAD217B-655B-4B39-882C-5EEC5889E30E}.Debug|Mixed Platforms.ActiveCfg = Debug|Any CPU
		{DDAD217B-655B-4B39-882C-5EEC5889E30E}.Debug|Mixed Platforms.Build.0 = Debug|Any CPU
		{DDAD217B-655B-4B39-882C-5EEC5889E30E}.Debug|x86.ActiveCfg = Debug|Any CPU
		{DDAD217B-655B-4B39-882C-5EEC5889E30E}.Release|Any CPU.ActiveCfg = Release|Any CPU
		{DDAD217B-655B-4B39-882C-5EEC5889E30E}.Release|Any CPU.Build.0 = Release|Any CPU
		{DDAD217B-655B-4B39-882C-5EEC5889E30E}.Release|ARM.ActiveCfg = Release|Any CPU
		{DDAD217B-655B-4B39-882C-5EEC5889E30E}.Release|iPhone.ActiveCfg = Release|Any CPU
		{DDAD217B-655B-4B39-882C-5EEC5889E30E}.Release|iPhoneSimulator.ActiveCfg = Release|Any CPU
		{DDAD217B-655B-4B39-882C-5EEC5889E30E}.Release|Mixed Platforms.ActiveCfg = Release|Any CPU
		{DDAD217B-655B-4B39-882C-5EEC5889E30E}.Release|Mixed Platforms.Build.0 = Release|Any CPU
		{DDAD217B-655B-4B39-882C-5EEC5889E30E}.Release|x86.ActiveCfg = Release|Any CPU
	EndGlobalSection
	GlobalSection(NestedProjects) = preSolution
	EndGlobalSection
	GlobalSection(MonoDevelopProperties) = preSolution
		StartupItem = TekConf.Mobile\TekConf.Mobile\TekConf.Mobile.csproj
	EndGlobalSection
	GlobalSection(SolutionProperties) = preSolution
		HideSolutionNode = FALSE
	EndGlobalSection
EndGlobal
